
Microsoft Visual Studio Solution File, Format Version 12.00
# Visual Studio Version 17
VisualStudioVersion = 17.5.33627.172
MinimumVisualStudioVersion = 10.0.40219.1
Project("{9A19103F-16F7-4668-BE54-9A1E7A4F7556}") = "WebCrawler", "WebCrawler\WebCrawler.csproj", "{E015A43E-9195-4F97-B4F8-53452C1071D9}"
EndProject
Project("{2150E333-8FDC-42A3-9474-1A3956D46DE8}") = "Solution Items", "Solution Items", "{67B45A6E-6510-4271-84B6-F9A735871C2A}"
	ProjectSection(SolutionItems) = preProject
		.editorconfig = .editorconfig
		Scenare\DeleteRecordScenar.jpg = Scenare\DeleteRecordScenar.jpg
		Scenare\NovyRecordScenar.jpg = Scenare\NovyRecordScenar.jpg
		TODO.md = TODO.md
		Scenare\UIdesign.jpg = Scenare\UIdesign.jpg
		Scenare\UpdateRecordScenar.jpg = Scenare\UpdateRecordScenar.jpg
	EndProjectSection
EndProject
Project("{9A19103F-16F7-4668-BE54-9A1E7A4F7556}") = "WebCrawler.Test", "WebCrawler.Test\WebCrawler.Test.csproj", "{53BA3BDE-4D92-4D10-861F-0F42451B67D6}"
EndProject
Global
	GlobalSection(SolutionConfigurationPlatforms) = preSolution
		Debug|Any CPU = Debug|Any CPU
		Release|Any CPU = Release|Any CPU
	EndGlobalSection
	GlobalSection(ProjectConfigurationPlatforms) = postSolution
		{E015A43E-9195-4F97-B4F8-53452C1071D9}.Debug|Any CPU.ActiveCfg = Debug|Any CPU
		{E015A43E-9195-4F97-B4F8-53452C1071D9}.Debug|Any CPU.Build.0 = Debug|Any CPU
		{E015A43E-9195-4F97-B4F8-53452C1071D9}.Release|Any CPU.ActiveCfg = Release|Any CPU
		{E015A43E-9195-4F97-B4F8-53452C1071D9}.Release|Any CPU.Build.0 = Release|Any CPU
		{53BA3BDE-4D92-4D10-861F-0F42451B67D6}.Debug|Any CPU.ActiveCfg = Debug|Any CPU
		{53BA3BDE-4D92-4D10-861F-0F42451B67D6}.Debug|Any CPU.Build.0 = Debug|Any CPU
		{53BA3BDE-4D92-4D10-861F-0F42451B67D6}.Release|Any CPU.ActiveCfg = Release|Any CPU
		{53BA3BDE-4D92-4D10-861F-0F42451B67D6}.Release|Any CPU.Build.0 = Release|Any CPU
	EndGlobalSection
	GlobalSection(SolutionProperties) = preSolution
		HideSolutionNode = FALSE
	EndGlobalSection
	GlobalSection(ExtensibilityGlobals) = postSolution
		SolutionGuid = {4BDE61FA-BD4A-4B52-AFF4-86043E294F07}
	EndGlobalSection
EndGlobal
